
Microsoft Visual Studio Solution File, Format Version 12.00
# Visual Studio Version 17
VisualStudioVersion = 17.14.36203.30
MinimumVisualStudioVersion = 10.0.40219.1
Project("{FAE04EC0-301F-11D3-BF4B-00C04F79EFBC}") = "MapEdit", "MapEdit.csproj", "{BBA52F98-4E0C-D712-753E-35FE08C96545}"
EndProject
Global
	GlobalSection(SolutionConfigurationPlatforms) = preSolution
		Debug|Any CPU = Debug|Any CPU
		Release|Any CPU = Release|Any CPU
	EndGlobalSection
	GlobalSection(ProjectConfigurationPlatforms) = postSolution
		{BBA52F98-4E0C-D712-753E-35FE08C96545}.Debug|Any CPU.ActiveCfg = Debug|Any CPU
		{BBA52F98-4E0C-D712-753E-35FE08C96545}.Debug|Any CPU.Build.0 = Debug|Any CPU
		{BBA52F98-4E0C-D712-753E-35FE08C96545}.Release|Any CPU.ActiveCfg = Release|Any CPU
		{BBA52F98-4E0C-D712-753E-35FE08C96545}.Release|Any CPU.Build.0 = Release|Any CPU
	EndGlobalSection
	GlobalSection(SolutionProperties) = preSolution
		HideSolutionNode = FALSE
	EndGlobalSection
	GlobalSection(ExtensibilityGlobals) = postSolution
		SolutionGuid = {AA94EC54-5A8B-4194-9B7B-A23ADD5407C6}
	EndGlobalSection
EndGlobal
